
Microsoft Visual Studio Solution File, Format Version 12.00
# Visual Studio Version 17
VisualStudioVersion = 17.3.32825.248
MinimumVisualStudioVersion = 10.0.40219.1
Project("{FAE04EC0-301F-11D3-BF4B-00C04F79EFBC}") = "BackV15II", "BackV15II\BackV15II.csproj", "{6C77F1DB-244C-42DB-8078-3C6C84652875}"
EndProject
Global
	GlobalSection(SolutionConfigurationPlatforms) = preSolution
		Debug|Any CPU = Debug|Any CPU
		Release|Any CPU = Release|Any CPU
	EndGlobalSection
	GlobalSection(ProjectConfigurationPlatforms) = postSolution
		{6C77F1DB-244C-42DB-8078-3C6C84652875}.Debug|Any CPU.ActiveCfg = Debug|Any CPU
		{6C77F1DB-244C-42DB-8078-3C6C84652875}.Debug|Any CPU.Build.0 = Debug|Any CPU
		{6C77F1DB-244C-42DB-8078-3C6C84652875}.Release|Any CPU.ActiveCfg = Release|Any CPU
		{6C77F1DB-244C-42DB-8078-3C6C84652875}.Release|Any CPU.Build.0 = Release|Any CPU
	EndGlobalSection
	GlobalSection(SolutionProperties) = preSolution
		HideSolutionNode = FALSE
	EndGlobalSection
	GlobalSection(ExtensibilityGlobals) = postSolution
		SolutionGuid = {85CEE9CF-EDFB-4CBE-9822-796E8CA43855}
	EndGlobalSection
EndGlobal
